// !$*UTF8*$!
{
	archiveVersion = 1;
	classes = {
	};
	objectVersion = 45;
	objects = {

/* Begin PBXBuildFile section */
		1DDD58160DA1D0A300B32029 /* MainMenu.xib in Resources */ = {isa = PBXBuildFile; fileRef = 1DDD58140DA1D0A300B32029 /* MainMenu.xib */; };
		256AC3DA0F4B6AC300CF3369 /* MacpaperAppDelegate.m in Sources */ = {isa = PBXBuildFile; fileRef = 256AC3D90F4B6AC300CF3369 /* MacpaperAppDelegate.m */; };
		6318C776135A911A0087CA44 /* InstapaperController.m in Sources */ = {isa = PBXBuildFile; fileRef = 6318C775135A911A0087CA44 /* InstapaperController.m */; };
		6320BB22135BAEF400999EF0 /* InstapaperOAuth.m in Sources */ = {isa = PBXBuildFile; fileRef = 6320BB21135BAEF400999EF0 /* InstapaperOAuth.m */; };
		6320BB36135BB24F00999EF0 /* Macpaper.icns in Resources */ = {isa = PBXBuildFile; fileRef = 6320BB35135BB24F00999EF0 /* Macpaper.icns */; };
		632F4410135F8D58007D40B7 /* NSMutableURLRequest+Parameters.m in Sources */ = {isa = PBXBuildFile; fileRef = 632F43E7135F8D57007D40B7 /* NSMutableURLRequest+Parameters.m */; };
		632F4411135F8D58007D40B7 /* NSString+URLEncoding.m in Sources */ = {isa = PBXBuildFile; fileRef = 632F43E9135F8D57007D40B7 /* NSString+URLEncoding.m */; };
		632F4412135F8D58007D40B7 /* NSURL+Base.m in Sources */ = {isa = PBXBuildFile; fileRef = 632F43EB135F8D57007D40B7 /* NSURL+Base.m */; };
		632F4413135F8D58007D40B7 /* Base64Transcoder.c in Sources */ = {isa = PBXBuildFile; fileRef = 632F43ED135F8D57007D40B7 /* Base64Transcoder.c */; };
		632F4414135F8D58007D40B7 /* hmac.c in Sources */ = {isa = PBXBuildFile; fileRef = 632F43EF135F8D57007D40B7 /* hmac.c */; };
		632F4415135F8D58007D40B7 /* sha1.c in Sources */ = {isa = PBXBuildFile; fileRef = 632F43F1135F8D57007D40B7 /* sha1.c */; };
		632F4416135F8D58007D40B7 /* NSData+Base64.m in Sources */ = {isa = PBXBuildFile; fileRef = 632F43F4135F8D57007D40B7 /* NSData+Base64.m */; };
		632F4417135F8D58007D40B7 /* OAAtachment.m in Sources */ = {isa = PBXBuildFile; fileRef = 632F43F6135F8D57007D40B7 /* OAAtachment.m */; };
		632F4418135F8D58007D40B7 /* OACall.m in Sources */ = {isa = PBXBuildFile; fileRef = 632F43F8135F8D57007D40B7 /* OACall.m */; };
		632F4419135F8D58007D40B7 /* OAConsumer.m in Sources */ = {isa = PBXBuildFile; fileRef = 632F43FA135F8D57007D40B7 /* OAConsumer.m */; };
		632F441A135F8D58007D40B7 /* OADataFetcher.m in Sources */ = {isa = PBXBuildFile; fileRef = 632F43FC135F8D58007D40B7 /* OADataFetcher.m */; };
		632F441B135F8D58007D40B7 /* OAHMAC_SHA1SignatureProvider.m in Sources */ = {isa = PBXBuildFile; fileRef = 632F43FE135F8D58007D40B7 /* OAHMAC_SHA1SignatureProvider.m */; };
		632F441C135F8D58007D40B7 /* OAMutableURLRequest.m in Sources */ = {isa = PBXBuildFile; fileRef = 632F4400135F8D58007D40B7 /* OAMutableURLRequest.m */; };
		632F441D135F8D58007D40B7 /* OAPlaintextSignatureProvider.m in Sources */ = {isa = PBXBuildFile; fileRef = 632F4402135F8D58007D40B7 /* OAPlaintextSignatureProvider.m */; };
		632F441E135F8D58007D40B7 /* OAProblem.m in Sources */ = {isa = PBXBuildFile; fileRef = 632F4404135F8D58007D40B7 /* OAProblem.m */; };
		632F441F135F8D58007D40B7 /* OARequestParameter.m in Sources */ = {isa = PBXBuildFile; fileRef = 632F4406135F8D58007D40B7 /* OARequestParameter.m */; };
		632F4420135F8D58007D40B7 /* OAServiceTicket.m in Sources */ = {isa = PBXBuildFile; fileRef = 632F4408135F8D58007D40B7 /* OAServiceTicket.m */; };
		632F4421135F8D58007D40B7 /* OATestServer.rb in Resources */ = {isa = PBXBuildFile; fileRef = 632F440A135F8D58007D40B7 /* OATestServer.rb */; };
		632F4422135F8D58007D40B7 /* OAToken.m in Sources */ = {isa = PBXBuildFile; fileRef = 632F440C135F8D58007D40B7 /* OAToken.m */; };
		632F4423135F8D58007D40B7 /* OATokenManager.m in Sources */ = {isa = PBXBuildFile; fileRef = 632F440E135F8D58007D40B7 /* OATokenManager.m */; };
		63423E82135B925500FDDD3F /* InstapaperUtilities.m in Sources */ = {isa = PBXBuildFile; fileRef = 63423E81135B925500FDDD3F /* InstapaperUtilities.m */; };
		638A948A135B3BB50052B907 /* InstapaperArticle.m in Sources */ = {isa = PBXBuildFile; fileRef = 638A9489135B3BB50052B907 /* InstapaperArticle.m */; };
		63CFA7D6135E082B00B29F69 /* Article.xib in Resources */ = {isa = PBXBuildFile; fileRef = 63CFA7D2135E082B00B29F69 /* Article.xib */; };
		63CFA7D7135E082C00B29F69 /* Authenticate.xib in Resources */ = {isa = PBXBuildFile; fileRef = 63CFA7D4135E082B00B29F69 /* Authenticate.xib */; };
		63CFA7E6135E09C500B29F69 /* InstapaperArticleController.m in Sources */ = {isa = PBXBuildFile; fileRef = 63CFA7E5135E09C500B29F69 /* InstapaperArticleController.m */; };
		8D11072B0486CEB800E47090 /* InfoPlist.strings in Resources */ = {isa = PBXBuildFile; fileRef = 089C165CFE840E0CC02AAC07 /* InfoPlist.strings */; };
		8D11072D0486CEB800E47090 /* main.m in Sources */ = {isa = PBXBuildFile; fileRef = 29B97316FDCFA39411CA2CEA /* main.m */; settings = {ATTRIBUTES = (); }; };
		8D11072F0486CEB800E47090 /* Cocoa.framework in Frameworks */ = {isa = PBXBuildFile; fileRef = 1058C7A1FEA54F0111CA2CBB /* Cocoa.framework */; };
/* End PBXBuildFile section */

/* Begin PBXCopyFilesBuildPhase section */
		6318C86D135AA3950087CA44 /* CopyFiles */ = {
			isa = PBXCopyFilesBuildPhase;
			buildActionMask = 2147483647;
			dstPath = "";
			dstSubfolderSpec = 11;
			files = (
			);
			runOnlyForDeploymentPostprocessing = 0;
		};
		6318C872135AA3C00087CA44 /* CopyFiles */ = {
			isa = PBXCopyFilesBuildPhase;
			buildActionMask = 2147483647;
			dstPath = Users/parkermoore/Developer/C/Macpaper/OAuthConsumer.framework;
			dstSubfolderSpec = 10;
			files = (
			);
			runOnlyForDeploymentPostprocessing = 0;
		};
		63AB7858135B34CB00C56317 /* CopyFiles */ = {
			isa = PBXCopyFilesBuildPhase;
			buildActionMask = 2147483647;
			dstPath = "";
			dstSubfolderSpec = 10;
			files = (
			);
			runOnlyForDeploymentPostprocessing = 0;
		};
/* End PBXCopyFilesBuildPhase section */

/* Begin PBXFileReference section */
		089C165DFE840E0CC02AAC07 /* English */ = {isa = PBXFileReference; fileEncoding = 4; lastKnownFileType = text.plist.strings; name = English; path = English.lproj/InfoPlist.strings; sourceTree = "<group>"; };
		1058C7A1FEA54F0111CA2CBB /* Cocoa.framework */ = {isa = PBXFileReference; lastKnownFileType = wrapper.framework; name = Cocoa.framework; path = /System/Library/Frameworks/Cocoa.framework; sourceTree = "<absolute>"; };
		13E42FB307B3F0F600E4EEF1 /* CoreData.framework */ = {isa = PBXFileReference; lastKnownFileType = wrapper.framework; name = CoreData.framework; path = /System/Library/Frameworks/CoreData.framework; sourceTree = "<absolute>"; };
		1DDD58150DA1D0A300B32029 /* English */ = {isa = PBXFileReference; lastKnownFileType = file.xib; name = English; path = English.lproj/MainMenu.xib; sourceTree = "<group>"; };
		256AC3D80F4B6AC300CF3369 /* MacpaperAppDelegate.h */ = {isa = PBXFileReference; fileEncoding = 4; lastKnownFileType = sourcecode.c.h; path = MacpaperAppDelegate.h; sourceTree = "<group>"; };
		256AC3D90F4B6AC300CF3369 /* MacpaperAppDelegate.m */ = {isa = PBXFileReference; fileEncoding = 4; lastKnownFileType = sourcecode.c.objc; path = MacpaperAppDelegate.m; sourceTree = "<group>"; };
		256AC3F00F4B6AF500CF3369 /* Macpaper_Prefix.pch */ = {isa = PBXFileReference; fileEncoding = 4; lastKnownFileType = sourcecode.c.h; path = Macpaper_Prefix.pch; sourceTree = "<group>"; };
		29B97316FDCFA39411CA2CEA /* main.m */ = {isa = PBXFileReference; fileEncoding = 4; lastKnownFileType = sourcecode.c.objc; path = main.m; sourceTree = "<group>"; };
		29B97324FDCFA39411CA2CEA /* AppKit.framework */ = {isa = PBXFileReference; lastKnownFileType = wrapper.framework; name = AppKit.framework; path = /System/Library/Frameworks/AppKit.framework; sourceTree = "<absolute>"; };
		29B97325FDCFA39411CA2CEA /* Foundation.framework */ = {isa = PBXFileReference; lastKnownFileType = wrapper.framework; name = Foundation.framework; path = /System/Library/Frameworks/Foundation.framework; sourceTree = "<absolute>"; };
		6318C774135A911A0087CA44 /* InstapaperController.h */ = {isa = PBXFileReference; fileEncoding = 4; lastKnownFileType = sourcecode.c.h; path = InstapaperController.h; sourceTree = "<group>"; };
		6318C775135A911A0087CA44 /* InstapaperController.m */ = {isa = PBXFileReference; fileEncoding = 4; lastKnownFileType = sourcecode.c.objc; path = InstapaperController.m; sourceTree = "<group>"; };
		6320BB20135BAEF400999EF0 /* InstapaperOAuth.h */ = {isa = PBXFileReference; fileEncoding = 4; lastKnownFileType = sourcecode.c.h; path = InstapaperOAuth.h; sourceTree = "<group>"; };
		6320BB21135BAEF400999EF0 /* InstapaperOAuth.m */ = {isa = PBXFileReference; fileEncoding = 4; lastKnownFileType = sourcecode.c.objc; path = InstapaperOAuth.m; sourceTree = "<group>"; };
		6320BB35135BB24F00999EF0 /* Macpaper.icns */ = {isa = PBXFileReference; lastKnownFileType = image.icns; path = Macpaper.icns; sourceTree = "<group>"; };
		632F43E6135F8D57007D40B7 /* NSMutableURLRequest+Parameters.h */ = {isa = PBXFileReference; fileEncoding = 4; lastKnownFileType = sourcecode.c.h; path = "NSMutableURLRequest+Parameters.h"; sourceTree = "<group>"; };
		632F43E7135F8D57007D40B7 /* NSMutableURLRequest+Parameters.m */ = {isa = PBXFileReference; fileEncoding = 4; lastKnownFileType = sourcecode.c.objc; path = "NSMutableURLRequest+Parameters.m"; sourceTree = "<group>"; };
		632F43E8135F8D57007D40B7 /* NSString+URLEncoding.h */ = {isa = PBXFileReference; fileEncoding = 4; lastKnownFileType = sourcecode.c.h; path = "NSString+URLEncoding.h"; sourceTree = "<group>"; };
		632F43E9135F8D57007D40B7 /* NSString+URLEncoding.m */ = {isa = PBXFileReference; fileEncoding = 4; lastKnownFileType = sourcecode.c.objc; path = "NSString+URLEncoding.m"; sourceTree = "<group>"; };
		632F43EA135F8D57007D40B7 /* NSURL+Base.h */ = {isa = PBXFileReference; fileEncoding = 4; lastKnownFileType = sourcecode.c.h; path = "NSURL+Base.h"; sourceTree = "<group>"; };
		632F43EB135F8D57007D40B7 /* NSURL+Base.m */ = {isa = PBXFileReference; fileEncoding = 4; lastKnownFileType = sourcecode.c.objc; path = "NSURL+Base.m"; sourceTree = "<group>"; };
		632F43ED135F8D57007D40B7 /* Base64Transcoder.c */ = {isa = PBXFileReference; fileEncoding = 4; lastKnownFileType = sourcecode.c.c; path = Base64Transcoder.c; sourceTree = "<group>"; };
		632F43EE135F8D57007D40B7 /* Base64Transcoder.h */ = {isa = PBXFileReference; fileEncoding = 4; lastKnownFileType = sourcecode.c.h; path = Base64Transcoder.h; sourceTree = "<group>"; };
		632F43EF135F8D57007D40B7 /* hmac.c */ = {isa = PBXFileReference; fileEncoding = 4; lastKnownFileType = sourcecode.c.c; path = hmac.c; sourceTree = "<group>"; };
		632F43F0135F8D57007D40B7 /* hmac.h */ = {isa = PBXFileReference; fileEncoding = 4; lastKnownFileType = sourcecode.c.h; path = hmac.h; sourceTree = "<group>"; };
		632F43F1135F8D57007D40B7 /* sha1.c */ = {isa = PBXFileReference; fileEncoding = 4; lastKnownFileType = sourcecode.c.c; path = sha1.c; sourceTree = "<group>"; };
		632F43F2135F8D57007D40B7 /* sha1.h */ = {isa = PBXFileReference; fileEncoding = 4; lastKnownFileType = sourcecode.c.h; path = sha1.h; sourceTree = "<group>"; };
		632F43F3135F8D57007D40B7 /* NSData+Base64.h */ = {isa = PBXFileReference; fileEncoding = 4; lastKnownFileType = sourcecode.c.h; name = "NSData+Base64.h"; path = "OAuth/NSData+Base64.h"; sourceTree = "<group>"; };
		632F43F4135F8D57007D40B7 /* NSData+Base64.m */ = {isa = PBXFileReference; fileEncoding = 4; lastKnownFileType = sourcecode.c.objc; name = "NSData+Base64.m"; path = "OAuth/NSData+Base64.m"; sourceTree = "<group>"; };
		632F43F5135F8D57007D40B7 /* OAAtachment.h */ = {isa = PBXFileReference; fileEncoding = 4; lastKnownFileType = sourcecode.c.h; name = OAAtachment.h; path = OAuth/OAAtachment.h; sourceTree = "<group>"; };
		632F43F6135F8D57007D40B7 /* OAAtachment.m */ = {isa = PBXFileReference; fileEncoding = 4; lastKnownFileType = sourcecode.c.objc; name = OAAtachment.m; path = OAuth/OAAtachment.m; sourceTree = "<group>"; };
		632F43F7135F8D57007D40B7 /* OACall.h */ = {isa = PBXFileReference; fileEncoding = 4; lastKnownFileType = sourcecode.c.h; name = OACall.h; path = OAuth/OACall.h; sourceTree = "<group>"; };
		632F43F8135F8D57007D40B7 /* OACall.m */ = {isa = PBXFileReference; fileEncoding = 4; lastKnownFileType = sourcecode.c.objc; name = OACall.m; path = OAuth/OACall.m; sourceTree = "<group>"; };
		632F43F9135F8D57007D40B7 /* OAConsumer.h */ = {isa = PBXFileReference; fileEncoding = 4; lastKnownFileType = sourcecode.c.h; name = OAConsumer.h; path = OAuth/OAConsumer.h; sourceTree = "<group>"; };
		632F43FA135F8D57007D40B7 /* OAConsumer.m */ = {isa = PBXFileReference; fileEncoding = 4; lastKnownFileType = sourcecode.c.objc; name = OAConsumer.m; path = OAuth/OAConsumer.m; sourceTree = "<group>"; };
		632F43FB135F8D57007D40B7 /* OADataFetcher.h */ = {isa = PBXFileReference; fileEncoding = 4; lastKnownFileType = sourcecode.c.h; name = OADataFetcher.h; path = OAuth/OADataFetcher.h; sourceTree = "<group>"; };
		632F43FC135F8D58007D40B7 /* OADataFetcher.m */ = {isa = PBXFileReference; fileEncoding = 4; lastKnownFileType = sourcecode.c.objc; name = OADataFetcher.m; path = OAuth/OADataFetcher.m; sourceTree = "<group>"; };
		632F43FD135F8D58007D40B7 /* OAHMAC_SHA1SignatureProvider.h */ = {isa = PBXFileReference; fileEncoding = 4; lastKnownFileType = sourcecode.c.h; name = OAHMAC_SHA1SignatureProvider.h; path = OAuth/OAHMAC_SHA1SignatureProvider.h; sourceTree = "<group>"; };
		632F43FE135F8D58007D40B7 /* OAHMAC_SHA1SignatureProvider.m */ = {isa = PBXFileReference; fileEncoding = 4; lastKnownFileType = sourcecode.c.objc; name = OAHMAC_SHA1SignatureProvider.m; path = OAuth/OAHMAC_SHA1SignatureProvider.m; sourceTree = "<group>"; };
		632F43FF135F8D58007D40B7 /* OAMutableURLRequest.h */ = {isa = PBXFileReference; fileEncoding = 4; lastKnownFileType = sourcecode.c.h; name = OAMutableURLRequest.h; path = OAuth/OAMutableURLRequest.h; sourceTree = "<group>"; };
		632F4400135F8D58007D40B7 /* OAMutableURLRequest.m */ = {isa = PBXFileReference; fileEncoding = 4; lastKnownFileType = sourcecode.c.objc; name = OAMutableURLRequest.m; path = OAuth/OAMutableURLRequest.m; sourceTree = "<group>"; };
		632F4401135F8D58007D40B7 /* OAPlaintextSignatureProvider.h */ = {isa = PBXFileReference; fileEncoding = 4; lastKnownFileType = sourcecode.c.h; name = OAPlaintextSignatureProvider.h; path = OAuth/OAPlaintextSignatureProvider.h; sourceTree = "<group>"; };
		632F4402135F8D58007D40B7 /* OAPlaintextSignatureProvider.m */ = {isa = PBXFileReference; fileEncoding = 4; lastKnownFileType = sourcecode.c.objc; name = OAPlaintextSignatureProvider.m; path = OAuth/OAPlaintextSignatureProvider.m; sourceTree = "<group>"; };
		632F4403135F8D58007D40B7 /* OAProblem.h */ = {isa = PBXFileReference; fileEncoding = 4; lastKnownFileType = sourcecode.c.h; name = OAProblem.h; path = OAuth/OAProblem.h; sourceTree = "<group>"; };
		632F4404135F8D58007D40B7 /* OAProblem.m */ = {isa = PBXFileReference; fileEncoding = 4; lastKnownFileType = sourcecode.c.objc; name = OAProblem.m; path = OAuth/OAProblem.m; sourceTree = "<group>"; };
		632F4405135F8D58007D40B7 /* OARequestParameter.h */ = {isa = PBXFileReference; fileEncoding = 4; lastKnownFileType = sourcecode.c.h; name = OARequestParameter.h; path = OAuth/OARequestParameter.h; sourceTree = "<group>"; };
		632F4406135F8D58007D40B7 /* OARequestParameter.m */ = {isa = PBXFileReference; fileEncoding = 4; lastKnownFileType = sourcecode.c.objc; name = OARequestParameter.m; path = OAuth/OARequestParameter.m; sourceTree = "<group>"; };
		632F4407135F8D58007D40B7 /* OAServiceTicket.h */ = {isa = PBXFileReference; fileEncoding = 4; lastKnownFileType = sourcecode.c.h; name = OAServiceTicket.h; path = OAuth/OAServiceTicket.h; sourceTree = "<group>"; };
		632F4408135F8D58007D40B7 /* OAServiceTicket.m */ = {isa = PBXFileReference; fileEncoding = 4; lastKnownFileType = sourcecode.c.objc; name = OAServiceTicket.m; path = OAuth/OAServiceTicket.m; sourceTree = "<group>"; };
		632F4409135F8D58007D40B7 /* OASignatureProviding.h */ = {isa = PBXFileReference; fileEncoding = 4; lastKnownFileType = sourcecode.c.h; name = OASignatureProviding.h; path = OAuth/OASignatureProviding.h; sourceTree = "<group>"; };
		632F440A135F8D58007D40B7 /* OATestServer.rb */ = {isa = PBXFileReference; fileEncoding = 4; lastKnownFileType = text.script.ruby; name = OATestServer.rb; path = OAuth/OATestServer.rb; sourceTree = "<group>"; };
		632F440B135F8D58007D40B7 /* OAToken.h */ = {isa = PBXFileReference; fileEncoding = 4; lastKnownFileType = sourcecode.c.h; name = OAToken.h; path = OAuth/OAToken.h; sourceTree = "<group>"; };
		632F440C135F8D58007D40B7 /* OAToken.m */ = {isa = PBXFileReference; fileEncoding = 4; lastKnownFileType = sourcecode.c.objc; name = OAToken.m; path = OAuth/OAToken.m; sourceTree = "<group>"; };
		632F440D135F8D58007D40B7 /* OATokenManager.h */ = {isa = PBXFileReference; fileEncoding = 4; lastKnownFileType = sourcecode.c.h; name = OATokenManager.h; path = OAuth/OATokenManager.h; sourceTree = "<group>"; };
		632F440E135F8D58007D40B7 /* OATokenManager.m */ = {isa = PBXFileReference; fileEncoding = 4; lastKnownFileType = sourcecode.c.objc; name = OATokenManager.m; path = OAuth/OATokenManager.m; sourceTree = "<group>"; };
		632F440F135F8D58007D40B7 /* OAuthConsumer.h */ = {isa = PBXFileReference; fileEncoding = 4; lastKnownFileType = sourcecode.c.h; name = OAuthConsumer.h; path = OAuth/OAuthConsumer.h; sourceTree = "<group>"; };
		63423E80135B925500FDDD3F /* InstapaperUtilities.h */ = {isa = PBXFileReference; fileEncoding = 4; lastKnownFileType = sourcecode.c.h; path = InstapaperUtilities.h; sourceTree = "<group>"; };
		63423E81135B925500FDDD3F /* InstapaperUtilities.m */ = {isa = PBXFileReference; fileEncoding = 4; lastKnownFileType = sourcecode.c.objc; path = InstapaperUtilities.m; sourceTree = "<group>"; };
		638A9488135B3BB50052B907 /* InstapaperArticle.h */ = {isa = PBXFileReference; fileEncoding = 4; lastKnownFileType = sourcecode.c.h; path = InstapaperArticle.h; sourceTree = "<group>"; };
		638A9489135B3BB50052B907 /* InstapaperArticle.m */ = {isa = PBXFileReference; fileEncoding = 4; lastKnownFileType = sourcecode.c.objc; path = InstapaperArticle.m; sourceTree = "<group>"; };
		63CFA7D3135E082B00B29F69 /* English */ = {isa = PBXFileReference; lastKnownFileType = file.xib; name = English; path = English.lproj/Article.xib; sourceTree = "<group>"; };
		63CFA7D5135E082B00B29F69 /* English */ = {isa = PBXFileReference; lastKnownFileType = file.xib; name = English; path = English.lproj/Authenticate.xib; sourceTree = "<group>"; };
		63CFA7E4135E09C500B29F69 /* InstapaperArticleController.h */ = {isa = PBXFileReference; fileEncoding = 4; lastKnownFileType = sourcecode.c.h; path = InstapaperArticleController.h; sourceTree = "<group>"; };
		63CFA7E5135E09C500B29F69 /* InstapaperArticleController.m */ = {isa = PBXFileReference; fileEncoding = 4; lastKnownFileType = sourcecode.c.objc; path = InstapaperArticleController.m; sourceTree = "<group>"; };
		8D1107310486CEB800E47090 /* Macpaper-Info.plist */ = {isa = PBXFileReference; fileEncoding = 4; lastKnownFileType = text.plist.xml; path = "Macpaper-Info.plist"; sourceTree = "<group>"; };
		8D1107320486CEB800E47090 /* Macpaper.app */ = {isa = PBXFileReference; explicitFileType = wrapper.application; includeInIndex = 0; path = Macpaper.app; sourceTree = BUILT_PRODUCTS_DIR; };
/* End PBXFileReference section */

/* Begin PBXFrameworksBuildPhase section */
		8D11072E0486CEB800E47090 /* Frameworks */ = {
			isa = PBXFrameworksBuildPhase;
			buildActionMask = 2147483647;
			files = (
				8D11072F0486CEB800E47090 /* Cocoa.framework in Frameworks */,
			);
			runOnlyForDeploymentPostprocessing = 0;
		};
/* End PBXFrameworksBuildPhase section */

/* Begin PBXGroup section */
		080E96DDFE201D6D7F000001 /* Classes */ = {
			isa = PBXGroup;
			children = (
				632F43E1135F8D49007D40B7 /* OAuth */,
			);
			name = Classes;
			sourceTree = "<group>";
		};
		1058C7A0FEA54F0111CA2CBB /* Linked Frameworks */ = {
			isa = PBXGroup;
			children = (
				1058C7A1FEA54F0111CA2CBB /* Cocoa.framework */,
			);
			name = "Linked Frameworks";
			sourceTree = "<group>";
		};
		1058C7A2FEA54F0111CA2CBB /* Other Frameworks */ = {
			isa = PBXGroup;
			children = (
				29B97324FDCFA39411CA2CEA /* AppKit.framework */,
				13E42FB307B3F0F600E4EEF1 /* CoreData.framework */,
				29B97325FDCFA39411CA2CEA /* Foundation.framework */,
			);
			name = "Other Frameworks";
			sourceTree = "<group>";
		};
		19C28FACFE9D520D11CA2CBB /* Products */ = {
			isa = PBXGroup;
			children = (
				8D1107320486CEB800E47090 /* Macpaper.app */,
			);
			name = Products;
			sourceTree = "<group>";
		};
		29B97314FDCFA39411CA2CEA /* Macpaper */ = {
			isa = PBXGroup;
			children = (
				256AC3D80F4B6AC300CF3369 /* MacpaperAppDelegate.h */,
				256AC3D90F4B6AC300CF3369 /* MacpaperAppDelegate.m */,
				638A9488135B3BB50052B907 /* InstapaperArticle.h */,
				638A9489135B3BB50052B907 /* InstapaperArticle.m */,
				63CFA7E4135E09C500B29F69 /* InstapaperArticleController.h */,
				63CFA7E5135E09C500B29F69 /* InstapaperArticleController.m */,
				6318C774135A911A0087CA44 /* InstapaperController.h */,
				6318C775135A911A0087CA44 /* InstapaperController.m */,
				6320BB20135BAEF400999EF0 /* InstapaperOAuth.h */,
				6320BB21135BAEF400999EF0 /* InstapaperOAuth.m */,
				63423E80135B925500FDDD3F /* InstapaperUtilities.h */,
				63423E81135B925500FDDD3F /* InstapaperUtilities.m */,
				080E96DDFE201D6D7F000001 /* Classes */,
				29B97315FDCFA39411CA2CEA /* Other Sources */,
				29B97317FDCFA39411CA2CEA /* Resources */,
				29B97323FDCFA39411CA2CEA /* Frameworks */,
				19C28FACFE9D520D11CA2CBB /* Products */,
			);
			name = Macpaper;
			sourceTree = "<group>";
		};
		29B97315FDCFA39411CA2CEA /* Other Sources */ = {
			isa = PBXGroup;
			children = (
				256AC3F00F4B6AF500CF3369 /* Macpaper_Prefix.pch */,
				29B97316FDCFA39411CA2CEA /* main.m */,
			);
			name = "Other Sources";
			sourceTree = "<group>";
		};
		29B97317FDCFA39411CA2CEA /* Resources */ = {
			isa = PBXGroup;
			children = (
				63CFA7D2135E082B00B29F69 /* Article.xib */,
				63CFA7D4135E082B00B29F69 /* Authenticate.xib */,
				6320BB35135BB24F00999EF0 /* Macpaper.icns */,
				8D1107310486CEB800E47090 /* Macpaper-Info.plist */,
				089C165CFE840E0CC02AAC07 /* InfoPlist.strings */,
				1DDD58140DA1D0A300B32029 /* MainMenu.xib */,
			);
			name = Resources;
			sourceTree = "<group>";
		};
		29B97323FDCFA39411CA2CEA /* Frameworks */ = {
			isa = PBXGroup;
			children = (
				1058C7A0FEA54F0111CA2CBB /* Linked Frameworks */,
				1058C7A2FEA54F0111CA2CBB /* Other Frameworks */,
			);
			name = Frameworks;
			sourceTree = "<group>";
		};
		632F43E1135F8D49007D40B7 /* OAuth */ = {
			isa = PBXGroup;
			children = (
				632F43E5135F8D57007D40B7 /* Categories */,
				632F43EC135F8D57007D40B7 /* Crypto */,
				632F43F3135F8D57007D40B7 /* NSData+Base64.h */,
				632F43F4135F8D57007D40B7 /* NSData+Base64.m */,
				632F43F5135F8D57007D40B7 /* OAAtachment.h */,
				632F43F6135F8D57007D40B7 /* OAAtachment.m */,
				632F43F7135F8D57007D40B7 /* OACall.h */,
				632F43F8135F8D57007D40B7 /* OACall.m */,
				632F43F9135F8D57007D40B7 /* OAConsumer.h */,
				632F43FA135F8D57007D40B7 /* OAConsumer.m */,
				632F43FB135F8D57007D40B7 /* OADataFetcher.h */,
				632F43FC135F8D58007D40B7 /* OADataFetcher.m */,
				632F43FD135F8D58007D40B7 /* OAHMAC_SHA1SignatureProvider.h */,
				632F43FE135F8D58007D40B7 /* OAHMAC_SHA1SignatureProvider.m */,
				632F43FF135F8D58007D40B7 /* OAMutableURLRequest.h */,
				632F4400135F8D58007D40B7 /* OAMutableURLRequest.m */,
				632F4401135F8D58007D40B7 /* OAPlaintextSignatureProvider.h */,
				632F4402135F8D58007D40B7 /* OAPlaintextSignatureProvider.m */,
				632F4403135F8D58007D40B7 /* OAProblem.h */,
				632F4404135F8D58007D40B7 /* OAProblem.m */,
				632F4405135F8D58007D40B7 /* OARequestParameter.h */,
				632F4406135F8D58007D40B7 /* OARequestParameter.m */,
				632F4407135F8D58007D40B7 /* OAServiceTicket.h */,
				632F4408135F8D58007D40B7 /* OAServiceTicket.m */,
				632F4409135F8D58007D40B7 /* OASignatureProviding.h */,
				632F440A135F8D58007D40B7 /* OATestServer.rb */,
				632F440B135F8D58007D40B7 /* OAToken.h */,
				632F440C135F8D58007D40B7 /* OAToken.m */,
				632F440D135F8D58007D40B7 /* OATokenManager.h */,
				632F440E135F8D58007D40B7 /* OATokenManager.m */,
				632F440F135F8D58007D40B7 /* OAuthConsumer.h */,
			);
			name = OAuth;
			sourceTree = "<group>";
		};
		632F43E5135F8D57007D40B7 /* Categories */ = {
			isa = PBXGroup;
			children = (
				632F43E6135F8D57007D40B7 /* NSMutableURLRequest+Parameters.h */,
				632F43E7135F8D57007D40B7 /* NSMutableURLRequest+Parameters.m */,
				632F43E8135F8D57007D40B7 /* NSString+URLEncoding.h */,
				632F43E9135F8D57007D40B7 /* NSString+URLEncoding.m */,
				632F43EA135F8D57007D40B7 /* NSURL+Base.h */,
				632F43EB135F8D57007D40B7 /* NSURL+Base.m */,
			);
			name = Categories;
			path = OAuth/Categories;
			sourceTree = "<group>";
		};
		632F43EC135F8D57007D40B7 /* Crypto */ = {
			isa = PBXGroup;
			children = (
				632F43ED135F8D57007D40B7 /* Base64Transcoder.c */,
				632F43EE135F8D57007D40B7 /* Base64Transcoder.h */,
				632F43EF135F8D57007D40B7 /* hmac.c */,
				632F43F0135F8D57007D40B7 /* hmac.h */,
				632F43F1135F8D57007D40B7 /* sha1.c */,
				632F43F2135F8D57007D40B7 /* sha1.h */,
			);
			name = Crypto;
			path = OAuth/Crypto;
			sourceTree = "<group>";
		};
/* End PBXGroup section */

/* Begin PBXNativeTarget section */
		8D1107260486CEB800E47090 /* Macpaper */ = {
			isa = PBXNativeTarget;
			buildConfigurationList = C01FCF4A08A954540054247B /* Build configuration list for PBXNativeTarget "Macpaper" */;
			buildPhases = (
				8D1107290486CEB800E47090 /* Resources */,
				8D11072C0486CEB800E47090 /* Sources */,
				8D11072E0486CEB800E47090 /* Frameworks */,
				6318C86D135AA3950087CA44 /* CopyFiles */,
				6318C872135AA3C00087CA44 /* CopyFiles */,
				63AB7858135B34CB00C56317 /* CopyFiles */,
			);
			buildRules = (
			);
			dependencies = (
			);
			name = Macpaper;
			productInstallPath = "$(HOME)/Applications";
			productName = Macpaper;
			productReference = 8D1107320486CEB800E47090 /* Macpaper.app */;
			productType = "com.apple.product-type.application";
		};
/* End PBXNativeTarget section */

/* Begin PBXProject section */
		29B97313FDCFA39411CA2CEA /* Project object */ = {
			isa = PBXProject;
			buildConfigurationList = C01FCF4E08A954540054247B /* Build configuration list for PBXProject "Macpaper" */;
			compatibilityVersion = "Xcode 3.1";
			developmentRegion = English;
			hasScannedForEncodings = 1;
			knownRegions = (
				English,
				Japanese,
				French,
				German,
			);
			mainGroup = 29B97314FDCFA39411CA2CEA /* Macpaper */;
			projectDirPath = "";
			projectRoot = "";
			targets = (
				8D1107260486CEB800E47090 /* Macpaper */,
			);
		};
/* End PBXProject section */

/* Begin PBXResourcesBuildPhase section */
		8D1107290486CEB800E47090 /* Resources */ = {
			isa = PBXResourcesBuildPhase;
			buildActionMask = 2147483647;
			files = (
				8D11072B0486CEB800E47090 /* InfoPlist.strings in Resources */,
				1DDD58160DA1D0A300B32029 /* MainMenu.xib in Resources */,
				6320BB36135BB24F00999EF0 /* Macpaper.icns in Resources */,
				63CFA7D6135E082B00B29F69 /* Article.xib in Resources */,
				63CFA7D7135E082C00B29F69 /* Authenticate.xib in Resources */,
				632F4421135F8D58007D40B7 /* OATestServer.rb in Resources */,
			);
			runOnlyForDeploymentPostprocessing = 0;
		};
/* End PBXResourcesBuildPhase section */

/* Begin PBXSourcesBuildPhase section */
		8D11072C0486CEB800E47090 /* Sources */ = {
			isa = PBXSourcesBuildPhase;
			buildActionMask = 2147483647;
			files = (
				8D11072D0486CEB800E47090 /* main.m in Sources */,
				256AC3DA0F4B6AC300CF3369 /* MacpaperAppDelegate.m in Sources */,
				6318C776135A911A0087CA44 /* InstapaperController.m in Sources */,
				638A948A135B3BB50052B907 /* InstapaperArticle.m in Sources */,
				63423E82135B925500FDDD3F /* InstapaperUtilities.m in Sources */,
				6320BB22135BAEF400999EF0 /* InstapaperOAuth.m in Sources */,
				63CFA7E6135E09C500B29F69 /* InstapaperArticleController.m in Sources */,
				632F4410135F8D58007D40B7 /* NSMutableURLRequest+Parameters.m in Sources */,
				632F4411135F8D58007D40B7 /* NSString+URLEncoding.m in Sources */,
				632F4412135F8D58007D40B7 /* NSURL+Base.m in Sources */,
				632F4413135F8D58007D40B7 /* Base64Transcoder.c in Sources */,
				632F4414135F8D58007D40B7 /* hmac.c in Sources */,
				632F4415135F8D58007D40B7 /* sha1.c in Sources */,
				632F4416135F8D58007D40B7 /* NSData+Base64.m in Sources */,
				632F4417135F8D58007D40B7 /* OAAtachment.m in Sources */,
				632F4418135F8D58007D40B7 /* OACall.m in Sources */,
				632F4419135F8D58007D40B7 /* OAConsumer.m in Sources */,
				632F441A135F8D58007D40B7 /* OADataFetcher.m in Sources */,
				632F441B135F8D58007D40B7 /* OAHMAC_SHA1SignatureProvider.m in Sources */,
				632F441C135F8D58007D40B7 /* OAMutableURLRequest.m in Sources */,
				632F441D135F8D58007D40B7 /* OAPlaintextSignatureProvider.m in Sources */,
				632F441E135F8D58007D40B7 /* OAProblem.m in Sources */,
				632F441F135F8D58007D40B7 /* OARequestParameter.m in Sources */,
				632F4420135F8D58007D40B7 /* OAServiceTicket.m in Sources */,
				632F4422135F8D58007D40B7 /* OAToken.m in Sources */,
				632F4423135F8D58007D40B7 /* OATokenManager.m in Sources */,
			);
			runOnlyForDeploymentPostprocessing = 0;
		};
/* End PBXSourcesBuildPhase section */

/* Begin PBXVariantGroup section */
		089C165CFE840E0CC02AAC07 /* InfoPlist.strings */ = {
			isa = PBXVariantGroup;
			children = (
				089C165DFE840E0CC02AAC07 /* English */,
			);
			name = InfoPlist.strings;
			sourceTree = "<group>";
		};
		1DDD58140DA1D0A300B32029 /* MainMenu.xib */ = {
			isa = PBXVariantGroup;
			children = (
				1DDD58150DA1D0A300B32029 /* English */,
			);
			name = MainMenu.xib;
			sourceTree = "<group>";
		};
		63CFA7D2135E082B00B29F69 /* Article.xib */ = {
			isa = PBXVariantGroup;
			children = (
				63CFA7D3135E082B00B29F69 /* English */,
			);
			name = Article.xib;
			sourceTree = "<group>";
		};
		63CFA7D4135E082B00B29F69 /* Authenticate.xib */ = {
			isa = PBXVariantGroup;
			children = (
				63CFA7D5135E082B00B29F69 /* English */,
			);
			name = Authenticate.xib;
			sourceTree = "<group>";
		};
/* End PBXVariantGroup section */

/* Begin XCBuildConfiguration section */
		C01FCF4B08A954540054247B /* Debug */ = {
			isa = XCBuildConfiguration;
			buildSettings = {
				ALWAYS_SEARCH_USER_PATHS = NO;
				COPY_PHASE_STRIP = NO;
				FRAMEWORK_SEARCH_PATHS = (
					"$(inherited)",
					"\"$(SRCROOT)\"",
				);
				GCC_DYNAMIC_NO_PIC = NO;
				GCC_ENABLE_FIX_AND_CONTINUE = YES;
				GCC_MODEL_TUNING = G5;
				GCC_OPTIMIZATION_LEVEL = 0;
				GCC_PRECOMPILE_PREFIX_HEADER = YES;
				GCC_PREFIX_HEADER = Macpaper_Prefix.pch;
				INFOPLIST_FILE = "Macpaper-Info.plist";
				INSTALL_PATH = "$(HOME)/Applications";
				PRODUCT_NAME = Macpaper;
			};
			name = Debug;
		};
		C01FCF4C08A954540054247B /* Release */ = {
			isa = XCBuildConfiguration;
			buildSettings = {
				ALWAYS_SEARCH_USER_PATHS = NO;
				DEBUG_INFORMATION_FORMAT = "dwarf-with-dsym";
				FRAMEWORK_SEARCH_PATHS = (
					"$(inherited)",
					"\"$(SRCROOT)\"",
				);
				GCC_MODEL_TUNING = G5;
				GCC_PRECOMPILE_PREFIX_HEADER = YES;
				GCC_PREFIX_HEADER = Macpaper_Prefix.pch;
				INFOPLIST_FILE = "Macpaper-Info.plist";
				INSTALL_PATH = "$(HOME)/Applications";
				PRODUCT_NAME = Macpaper;
			};
			name = Release;
		};
		C01FCF4F08A954540054247B /* Debug */ = {
			isa = XCBuildConfiguration;
			buildSettings = {
				ARCHS = "$(ARCHS_STANDARD_32_64_BIT)";
				GCC_C_LANGUAGE_STANDARD = gnu99;
				GCC_ENABLE_OBJC_GC = supported;
				GCC_OPTIMIZATION_LEVEL = 0;
				GCC_WARN_ABOUT_RETURN_TYPE = YES;
				GCC_WARN_UNUSED_VARIABLE = YES;
				ONLY_ACTIVE_ARCH = YES;
				PREBINDING = NO;
				SDKROOT = macosx10.6;
			};
			name = Debug;
		};
		C01FCF5008A954540054247B /* Release */ = {
			isa = XCBuildConfiguration;
			buildSettings = {
				ARCHS = "$(ARCHS_STANDARD_32_64_BIT)";
				GCC_C_LANGUAGE_STANDARD = gnu99;
				GCC_ENABLE_OBJC_GC = supported;
				GCC_WARN_ABOUT_RETURN_TYPE = YES;
				GCC_WARN_UNUSED_VARIABLE = YES;
				PREBINDING = NO;
				SDKROOT = macosx10.6;
			};
			name = Release;
		};
/* End XCBuildConfiguration section */

/* Begin XCConfigurationList section */
		C01FCF4A08A954540054247B /* Build configuration list for PBXNativeTarget "Macpaper" */ = {
			isa = XCConfigurationList;
			buildConfigurations = (
				C01FCF4B08A954540054247B /* Debug */,
				C01FCF4C08A954540054247B /* Release */,
			);
			defaultConfigurationIsVisible = 0;
			defaultConfigurationName = Release;
		};
		C01FCF4E08A954540054247B /* Build configuration list for PBXProject "Macpaper" */ = {
			isa = XCConfigurationList;
			buildConfigurations = (
				C01FCF4F08A954540054247B /* Debug */,
				C01FCF5008A954540054247B /* Release */,
			);
			defaultConfigurationIsVisible = 0;
			defaultConfigurationName = Release;
		};
/* End XCConfigurationList section */
	};
	rootObject = 29B97313FDCFA39411CA2CEA /* Project object */;
}
