// !$*UTF8*$!
{
	archiveVersion = 1;
	classes = {
	};
	objectVersion = 45;
	objects = {

/* Begin PBXBuildFile section */
		1DDD58160DA1D0A300B32029 /* MainMenu.xib in Resources */ = {isa = PBXBuildFile; fileRef = 1DDD58140DA1D0A300B32029 /* MainMenu.xib */; };
		256AC3DA0F4B6AC300CF3369 /* MacpaperAppDelegate.m in Sources */ = {isa = PBXBuildFile; fileRef = 256AC3D90F4B6AC300CF3369 /* MacpaperAppDelegate.m */; };
		6318C773135A90B70087CA44 /* Instapaper.m in Sources */ = {isa = PBXBuildFile; fileRef = 6318C772135A90B70087CA44 /* Instapaper.m */; };
		6318C776135A911A0087CA44 /* InstapaperController.m in Sources */ = {isa = PBXBuildFile; fileRef = 6318C775135A911A0087CA44 /* InstapaperController.m */; };
		6320BB22135BAEF400999EF0 /* InstapaperOAuth.m in Sources */ = {isa = PBXBuildFile; fileRef = 6320BB21135BAEF400999EF0 /* InstapaperOAuth.m */; };
		6320BB36135BB24F00999EF0 /* Macpaper.icns in Resources */ = {isa = PBXBuildFile; fileRef = 6320BB35135BB24F00999EF0 /* Macpaper.icns */; };
		63423E82135B925500FDDD3F /* InstapaperUtilities.m in Sources */ = {isa = PBXBuildFile; fileRef = 63423E81135B925500FDDD3F /* InstapaperUtilities.m */; };
		638A941C135B35ED0052B907 /* NSMutableURLRequest+Parameters.m in Sources */ = {isa = PBXBuildFile; fileRef = 638A93F4135B35EC0052B907 /* NSMutableURLRequest+Parameters.m */; };
		638A941D135B35ED0052B907 /* NSString+URLEncoding.m in Sources */ = {isa = PBXBuildFile; fileRef = 638A93F6135B35EC0052B907 /* NSString+URLEncoding.m */; };
		638A941E135B35ED0052B907 /* NSURL+Base.m in Sources */ = {isa = PBXBuildFile; fileRef = 638A93F8135B35EC0052B907 /* NSURL+Base.m */; };
		638A941F135B35ED0052B907 /* Base64Transcoder.c in Sources */ = {isa = PBXBuildFile; fileRef = 638A93FA135B35EC0052B907 /* Base64Transcoder.c */; };
		638A9420135B35ED0052B907 /* hmac.c in Sources */ = {isa = PBXBuildFile; fileRef = 638A93FC135B35EC0052B907 /* hmac.c */; };
		638A9421135B35ED0052B907 /* sha1.c in Sources */ = {isa = PBXBuildFile; fileRef = 638A93FE135B35EC0052B907 /* sha1.c */; };
		638A9422135B35ED0052B907 /* OAAtachment.m in Sources */ = {isa = PBXBuildFile; fileRef = 638A9401135B35ED0052B907 /* OAAtachment.m */; };
		638A9423135B35ED0052B907 /* OACall.m in Sources */ = {isa = PBXBuildFile; fileRef = 638A9403135B35ED0052B907 /* OACall.m */; };
		638A9424135B35ED0052B907 /* OAConsumer.m in Sources */ = {isa = PBXBuildFile; fileRef = 638A9405135B35ED0052B907 /* OAConsumer.m */; };
		638A9425135B35ED0052B907 /* OADataFetcher.m in Sources */ = {isa = PBXBuildFile; fileRef = 638A9407135B35ED0052B907 /* OADataFetcher.m */; };
		638A9426135B35ED0052B907 /* OAHMAC_SHA1SignatureProvider.m in Sources */ = {isa = PBXBuildFile; fileRef = 638A9409135B35ED0052B907 /* OAHMAC_SHA1SignatureProvider.m */; };
		638A9427135B35ED0052B907 /* OAMutableURLRequest.m in Sources */ = {isa = PBXBuildFile; fileRef = 638A940B135B35ED0052B907 /* OAMutableURLRequest.m */; };
		638A9428135B35ED0052B907 /* OAPlaintextSignatureProvider.m in Sources */ = {isa = PBXBuildFile; fileRef = 638A940D135B35ED0052B907 /* OAPlaintextSignatureProvider.m */; };
		638A9429135B35ED0052B907 /* OAProblem.m in Sources */ = {isa = PBXBuildFile; fileRef = 638A940F135B35ED0052B907 /* OAProblem.m */; };
		638A942A135B35ED0052B907 /* OARequestParameter.m in Sources */ = {isa = PBXBuildFile; fileRef = 638A9411135B35ED0052B907 /* OARequestParameter.m */; };
		638A942B135B35ED0052B907 /* OAServiceTicket.m in Sources */ = {isa = PBXBuildFile; fileRef = 638A9413135B35ED0052B907 /* OAServiceTicket.m */; };
		638A942C135B35ED0052B907 /* OATestServer.rb in Resources */ = {isa = PBXBuildFile; fileRef = 638A9415135B35ED0052B907 /* OATestServer.rb */; };
		638A942D135B35ED0052B907 /* OAToken.m in Sources */ = {isa = PBXBuildFile; fileRef = 638A9417135B35ED0052B907 /* OAToken.m */; };
		638A942E135B35ED0052B907 /* OATokenManager.m in Sources */ = {isa = PBXBuildFile; fileRef = 638A9419135B35ED0052B907 /* OATokenManager.m */; };
		638A942F135B35ED0052B907 /* README in Resources */ = {isa = PBXBuildFile; fileRef = 638A941B135B35ED0052B907 /* README */; };
		638A948A135B3BB50052B907 /* InstapaperArticle.m in Sources */ = {isa = PBXBuildFile; fileRef = 638A9489135B3BB50052B907 /* InstapaperArticle.m */; };
		638A94EF135B3D600052B907 /* NSData+Base64.m in Sources */ = {isa = PBXBuildFile; fileRef = 638A94D6135B3D600052B907 /* NSData+Base64.m */; };
		8D11072B0486CEB800E47090 /* InfoPlist.strings in Resources */ = {isa = PBXBuildFile; fileRef = 089C165CFE840E0CC02AAC07 /* InfoPlist.strings */; };
		8D11072D0486CEB800E47090 /* main.m in Sources */ = {isa = PBXBuildFile; fileRef = 29B97316FDCFA39411CA2CEA /* main.m */; settings = {ATTRIBUTES = (); }; };
		8D11072F0486CEB800E47090 /* Cocoa.framework in Frameworks */ = {isa = PBXBuildFile; fileRef = 1058C7A1FEA54F0111CA2CBB /* Cocoa.framework */; };
/* End PBXBuildFile section */

/* Begin PBXCopyFilesBuildPhase section */
		6318C86D135AA3950087CA44 /* CopyFiles */ = {
			isa = PBXCopyFilesBuildPhase;
			buildActionMask = 2147483647;
			dstPath = "";
			dstSubfolderSpec = 11;
			files = (
			);
			runOnlyForDeploymentPostprocessing = 0;
		};
		6318C872135AA3C00087CA44 /* CopyFiles */ = {
			isa = PBXCopyFilesBuildPhase;
			buildActionMask = 2147483647;
			dstPath = Users/parkermoore/Developer/C/Macpaper/OAuthConsumer.framework;
			dstSubfolderSpec = 10;
			files = (
			);
			runOnlyForDeploymentPostprocessing = 0;
		};
		63AB7858135B34CB00C56317 /* CopyFiles */ = {
			isa = PBXCopyFilesBuildPhase;
			buildActionMask = 2147483647;
			dstPath = "";
			dstSubfolderSpec = 10;
			files = (
			);
			runOnlyForDeploymentPostprocessing = 0;
		};
/* End PBXCopyFilesBuildPhase section */

/* Begin PBXFileReference section */
		089C165DFE840E0CC02AAC07 /* English */ = {isa = PBXFileReference; fileEncoding = 4; lastKnownFileType = text.plist.strings; name = English; path = English.lproj/InfoPlist.strings; sourceTree = "<group>"; };
		1058C7A1FEA54F0111CA2CBB /* Cocoa.framework */ = {isa = PBXFileReference; lastKnownFileType = wrapper.framework; name = Cocoa.framework; path = /System/Library/Frameworks/Cocoa.framework; sourceTree = "<absolute>"; };
		13E42FB307B3F0F600E4EEF1 /* CoreData.framework */ = {isa = PBXFileReference; lastKnownFileType = wrapper.framework; name = CoreData.framework; path = /System/Library/Frameworks/CoreData.framework; sourceTree = "<absolute>"; };
		1DDD58150DA1D0A300B32029 /* English */ = {isa = PBXFileReference; lastKnownFileType = file.xib; name = English; path = English.lproj/MainMenu.xib; sourceTree = "<group>"; };
		256AC3D80F4B6AC300CF3369 /* MacpaperAppDelegate.h */ = {isa = PBXFileReference; fileEncoding = 4; lastKnownFileType = sourcecode.c.h; path = MacpaperAppDelegate.h; sourceTree = "<group>"; };
		256AC3D90F4B6AC300CF3369 /* MacpaperAppDelegate.m */ = {isa = PBXFileReference; fileEncoding = 4; lastKnownFileType = sourcecode.c.objc; path = MacpaperAppDelegate.m; sourceTree = "<group>"; };
		256AC3F00F4B6AF500CF3369 /* Macpaper_Prefix.pch */ = {isa = PBXFileReference; fileEncoding = 4; lastKnownFileType = sourcecode.c.h; path = Macpaper_Prefix.pch; sourceTree = "<group>"; };
		29B97316FDCFA39411CA2CEA /* main.m */ = {isa = PBXFileReference; fileEncoding = 4; lastKnownFileType = sourcecode.c.objc; path = main.m; sourceTree = "<group>"; };
		29B97324FDCFA39411CA2CEA /* AppKit.framework */ = {isa = PBXFileReference; lastKnownFileType = wrapper.framework; name = AppKit.framework; path = /System/Library/Frameworks/AppKit.framework; sourceTree = "<absolute>"; };
		29B97325FDCFA39411CA2CEA /* Foundation.framework */ = {isa = PBXFileReference; lastKnownFileType = wrapper.framework; name = Foundation.framework; path = /System/Library/Frameworks/Foundation.framework; sourceTree = "<absolute>"; };
		6318C76D135A8F400087CA44 /* Article.xib */ = {isa = PBXFileReference; lastKnownFileType = file.xib; path = Article.xib; sourceTree = "<group>"; };
		6318C771135A90B70087CA44 /* Instapaper.h */ = {isa = PBXFileReference; fileEncoding = 4; lastKnownFileType = sourcecode.c.h; path = Instapaper.h; sourceTree = "<group>"; };
		6318C772135A90B70087CA44 /* Instapaper.m */ = {isa = PBXFileReference; fileEncoding = 4; lastKnownFileType = sourcecode.c.objc; path = Instapaper.m; sourceTree = "<group>"; };
		6318C774135A911A0087CA44 /* InstapaperController.h */ = {isa = PBXFileReference; fileEncoding = 4; lastKnownFileType = sourcecode.c.h; path = InstapaperController.h; sourceTree = "<group>"; };
		6318C775135A911A0087CA44 /* InstapaperController.m */ = {isa = PBXFileReference; fileEncoding = 4; lastKnownFileType = sourcecode.c.objc; path = InstapaperController.m; sourceTree = "<group>"; };
		6320BB20135BAEF400999EF0 /* InstapaperOAuth.h */ = {isa = PBXFileReference; fileEncoding = 4; lastKnownFileType = sourcecode.c.h; path = InstapaperOAuth.h; sourceTree = "<group>"; };
		6320BB21135BAEF400999EF0 /* InstapaperOAuth.m */ = {isa = PBXFileReference; fileEncoding = 4; lastKnownFileType = sourcecode.c.objc; path = InstapaperOAuth.m; sourceTree = "<group>"; };
		6320BB35135BB24F00999EF0 /* Macpaper.icns */ = {isa = PBXFileReference; lastKnownFileType = image.icns; path = Macpaper.icns; sourceTree = "<group>"; };
		63423E80135B925500FDDD3F /* InstapaperUtilities.h */ = {isa = PBXFileReference; fileEncoding = 4; lastKnownFileType = sourcecode.c.h; path = InstapaperUtilities.h; sourceTree = "<group>"; };
		63423E81135B925500FDDD3F /* InstapaperUtilities.m */ = {isa = PBXFileReference; fileEncoding = 4; lastKnownFileType = sourcecode.c.objc; path = InstapaperUtilities.m; sourceTree = "<group>"; };
		638A93F3135B35EC0052B907 /* NSMutableURLRequest+Parameters.h */ = {isa = PBXFileReference; fileEncoding = 4; lastKnownFileType = sourcecode.c.h; path = "NSMutableURLRequest+Parameters.h"; sourceTree = "<group>"; };
		638A93F4135B35EC0052B907 /* NSMutableURLRequest+Parameters.m */ = {isa = PBXFileReference; fileEncoding = 4; lastKnownFileType = sourcecode.c.objc; path = "NSMutableURLRequest+Parameters.m"; sourceTree = "<group>"; };
		638A93F5135B35EC0052B907 /* NSString+URLEncoding.h */ = {isa = PBXFileReference; fileEncoding = 4; lastKnownFileType = sourcecode.c.h; path = "NSString+URLEncoding.h"; sourceTree = "<group>"; };
		638A93F6135B35EC0052B907 /* NSString+URLEncoding.m */ = {isa = PBXFileReference; fileEncoding = 4; lastKnownFileType = sourcecode.c.objc; path = "NSString+URLEncoding.m"; sourceTree = "<group>"; };
		638A93F7135B35EC0052B907 /* NSURL+Base.h */ = {isa = PBXFileReference; fileEncoding = 4; lastKnownFileType = sourcecode.c.h; path = "NSURL+Base.h"; sourceTree = "<group>"; };
		638A93F8135B35EC0052B907 /* NSURL+Base.m */ = {isa = PBXFileReference; fileEncoding = 4; lastKnownFileType = sourcecode.c.objc; path = "NSURL+Base.m"; sourceTree = "<group>"; };
		638A93FA135B35EC0052B907 /* Base64Transcoder.c */ = {isa = PBXFileReference; fileEncoding = 4; lastKnownFileType = sourcecode.c.c; path = Base64Transcoder.c; sourceTree = "<group>"; };
		638A93FB135B35EC0052B907 /* Base64Transcoder.h */ = {isa = PBXFileReference; fileEncoding = 4; lastKnownFileType = sourcecode.c.h; path = Base64Transcoder.h; sourceTree = "<group>"; };
		638A93FC135B35EC0052B907 /* hmac.c */ = {isa = PBXFileReference; fileEncoding = 4; lastKnownFileType = sourcecode.c.c; path = hmac.c; sourceTree = "<group>"; };
		638A93FD135B35EC0052B907 /* hmac.h */ = {isa = PBXFileReference; fileEncoding = 4; lastKnownFileType = sourcecode.c.h; path = hmac.h; sourceTree = "<group>"; };
		638A93FE135B35EC0052B907 /* sha1.c */ = {isa = PBXFileReference; fileEncoding = 4; lastKnownFileType = sourcecode.c.c; path = sha1.c; sourceTree = "<group>"; };
		638A93FF135B35EC0052B907 /* sha1.h */ = {isa = PBXFileReference; fileEncoding = 4; lastKnownFileType = sourcecode.c.h; path = sha1.h; sourceTree = "<group>"; };
		638A9400135B35ED0052B907 /* OAAtachment.h */ = {isa = PBXFileReference; fileEncoding = 4; lastKnownFileType = sourcecode.c.h; path = OAAtachment.h; sourceTree = "<group>"; };
		638A9401135B35ED0052B907 /* OAAtachment.m */ = {isa = PBXFileReference; fileEncoding = 4; lastKnownFileType = sourcecode.c.objc; path = OAAtachment.m; sourceTree = "<group>"; };
		638A9402135B35ED0052B907 /* OACall.h */ = {isa = PBXFileReference; fileEncoding = 4; lastKnownFileType = sourcecode.c.h; path = OACall.h; sourceTree = "<group>"; };
		638A9403135B35ED0052B907 /* OACall.m */ = {isa = PBXFileReference; fileEncoding = 4; lastKnownFileType = sourcecode.c.objc; path = OACall.m; sourceTree = "<group>"; };
		638A9404135B35ED0052B907 /* OAConsumer.h */ = {isa = PBXFileReference; fileEncoding = 4; lastKnownFileType = sourcecode.c.h; path = OAConsumer.h; sourceTree = "<group>"; };
		638A9405135B35ED0052B907 /* OAConsumer.m */ = {isa = PBXFileReference; fileEncoding = 4; lastKnownFileType = sourcecode.c.objc; path = OAConsumer.m; sourceTree = "<group>"; };
		638A9406135B35ED0052B907 /* OADataFetcher.h */ = {isa = PBXFileReference; fileEncoding = 4; lastKnownFileType = sourcecode.c.h; path = OADataFetcher.h; sourceTree = "<group>"; };
		638A9407135B35ED0052B907 /* OADataFetcher.m */ = {isa = PBXFileReference; fileEncoding = 4; lastKnownFileType = sourcecode.c.objc; path = OADataFetcher.m; sourceTree = "<group>"; };
		638A9408135B35ED0052B907 /* OAHMAC_SHA1SignatureProvider.h */ = {isa = PBXFileReference; fileEncoding = 4; lastKnownFileType = sourcecode.c.h; path = OAHMAC_SHA1SignatureProvider.h; sourceTree = "<group>"; };
		638A9409135B35ED0052B907 /* OAHMAC_SHA1SignatureProvider.m */ = {isa = PBXFileReference; fileEncoding = 4; lastKnownFileType = sourcecode.c.objc; path = OAHMAC_SHA1SignatureProvider.m; sourceTree = "<group>"; };
		638A940A135B35ED0052B907 /* OAMutableURLRequest.h */ = {isa = PBXFileReference; fileEncoding = 4; lastKnownFileType = sourcecode.c.h; path = OAMutableURLRequest.h; sourceTree = "<group>"; };
		638A940B135B35ED0052B907 /* OAMutableURLRequest.m */ = {isa = PBXFileReference; fileEncoding = 4; lastKnownFileType = sourcecode.c.objc; path = OAMutableURLRequest.m; sourceTree = "<group>"; };
		638A940C135B35ED0052B907 /* OAPlaintextSignatureProvider.h */ = {isa = PBXFileReference; fileEncoding = 4; lastKnownFileType = sourcecode.c.h; path = OAPlaintextSignatureProvider.h; sourceTree = "<group>"; };
		638A940D135B35ED0052B907 /* OAPlaintextSignatureProvider.m */ = {isa = PBXFileReference; fileEncoding = 4; lastKnownFileType = sourcecode.c.objc; path = OAPlaintextSignatureProvider.m; sourceTree = "<group>"; };
		638A940E135B35ED0052B907 /* OAProblem.h */ = {isa = PBXFileReference; fileEncoding = 4; lastKnownFileType = sourcecode.c.h; path = OAProblem.h; sourceTree = "<group>"; };
		638A940F135B35ED0052B907 /* OAProblem.m */ = {isa = PBXFileReference; fileEncoding = 4; lastKnownFileType = sourcecode.c.objc; path = OAProblem.m; sourceTree = "<group>"; };
		638A9410135B35ED0052B907 /* OARequestParameter.h */ = {isa = PBXFileReference; fileEncoding = 4; lastKnownFileType = sourcecode.c.h; path = OARequestParameter.h; sourceTree = "<group>"; };
		638A9411135B35ED0052B907 /* OARequestParameter.m */ = {isa = PBXFileReference; fileEncoding = 4; lastKnownFileType = sourcecode.c.objc; path = OARequestParameter.m; sourceTree = "<group>"; };
		638A9412135B35ED0052B907 /* OAServiceTicket.h */ = {isa = PBXFileReference; fileEncoding = 4; lastKnownFileType = sourcecode.c.h; path = OAServiceTicket.h; sourceTree = "<group>"; };
		638A9413135B35ED0052B907 /* OAServiceTicket.m */ = {isa = PBXFileReference; fileEncoding = 4; lastKnownFileType = sourcecode.c.objc; path = OAServiceTicket.m; sourceTree = "<group>"; };
		638A9414135B35ED0052B907 /* OASignatureProviding.h */ = {isa = PBXFileReference; fileEncoding = 4; lastKnownFileType = sourcecode.c.h; path = OASignatureProviding.h; sourceTree = "<group>"; };
		638A9415135B35ED0052B907 /* OATestServer.rb */ = {isa = PBXFileReference; fileEncoding = 4; lastKnownFileType = text.script.ruby; path = OATestServer.rb; sourceTree = "<group>"; };
		638A9416135B35ED0052B907 /* OAToken.h */ = {isa = PBXFileReference; fileEncoding = 4; lastKnownFileType = sourcecode.c.h; path = OAToken.h; sourceTree = "<group>"; };
		638A9417135B35ED0052B907 /* OAToken.m */ = {isa = PBXFileReference; fileEncoding = 4; lastKnownFileType = sourcecode.c.objc; path = OAToken.m; sourceTree = "<group>"; };
		638A9418135B35ED0052B907 /* OATokenManager.h */ = {isa = PBXFileReference; fileEncoding = 4; lastKnownFileType = sourcecode.c.h; path = OATokenManager.h; sourceTree = "<group>"; };
		638A9419135B35ED0052B907 /* OATokenManager.m */ = {isa = PBXFileReference; fileEncoding = 4; lastKnownFileType = sourcecode.c.objc; path = OATokenManager.m; sourceTree = "<group>"; };
		638A941A135B35ED0052B907 /* OAuthConsumer.h */ = {isa = PBXFileReference; fileEncoding = 4; lastKnownFileType = sourcecode.c.h; path = OAuthConsumer.h; sourceTree = "<group>"; };
		638A941B135B35ED0052B907 /* README */ = {isa = PBXFileReference; fileEncoding = 4; lastKnownFileType = text; path = README; sourceTree = "<group>"; };
		638A9488135B3BB50052B907 /* InstapaperArticle.h */ = {isa = PBXFileReference; fileEncoding = 4; lastKnownFileType = sourcecode.c.h; path = InstapaperArticle.h; sourceTree = "<group>"; };
		638A9489135B3BB50052B907 /* InstapaperArticle.m */ = {isa = PBXFileReference; fileEncoding = 4; lastKnownFileType = sourcecode.c.objc; path = InstapaperArticle.m; sourceTree = "<group>"; };
		638A94D5135B3D600052B907 /* NSData+Base64.h */ = {isa = PBXFileReference; fileEncoding = 4; lastKnownFileType = sourcecode.c.h; path = "NSData+Base64.h"; sourceTree = "<group>"; };
		638A94D6135B3D600052B907 /* NSData+Base64.m */ = {isa = PBXFileReference; fileEncoding = 4; lastKnownFileType = sourcecode.c.objc; path = "NSData+Base64.m"; sourceTree = "<group>"; };
		8D1107310486CEB800E47090 /* Macpaper-Info.plist */ = {isa = PBXFileReference; fileEncoding = 4; lastKnownFileType = text.plist.xml; path = "Macpaper-Info.plist"; sourceTree = "<group>"; };
		8D1107320486CEB800E47090 /* Macpaper.app */ = {isa = PBXFileReference; explicitFileType = wrapper.application; includeInIndex = 0; path = Macpaper.app; sourceTree = BUILT_PRODUCTS_DIR; };
/* End PBXFileReference section */

/* Begin PBXFrameworksBuildPhase section */
		8D11072E0486CEB800E47090 /* Frameworks */ = {
			isa = PBXFrameworksBuildPhase;
			buildActionMask = 2147483647;
			files = (
				8D11072F0486CEB800E47090 /* Cocoa.framework in Frameworks */,
			);
			runOnlyForDeploymentPostprocessing = 0;
		};
/* End PBXFrameworksBuildPhase section */

/* Begin PBXGroup section */
		080E96DDFE201D6D7F000001 /* Classes */ = {
			isa = PBXGroup;
			children = (
				638A94D5135B3D600052B907 /* NSData+Base64.h */,
				638A94D6135B3D600052B907 /* NSData+Base64.m */,
				638A93F2135B35EC0052B907 /* Categories */,
				638A93F9135B35EC0052B907 /* Crypto */,
				638A9400135B35ED0052B907 /* OAAtachment.h */,
				638A9401135B35ED0052B907 /* OAAtachment.m */,
				638A9402135B35ED0052B907 /* OACall.h */,
				638A9403135B35ED0052B907 /* OACall.m */,
				638A9404135B35ED0052B907 /* OAConsumer.h */,
				638A9405135B35ED0052B907 /* OAConsumer.m */,
				638A9406135B35ED0052B907 /* OADataFetcher.h */,
				638A9407135B35ED0052B907 /* OADataFetcher.m */,
				638A9408135B35ED0052B907 /* OAHMAC_SHA1SignatureProvider.h */,
				638A9409135B35ED0052B907 /* OAHMAC_SHA1SignatureProvider.m */,
				638A940A135B35ED0052B907 /* OAMutableURLRequest.h */,
				638A940B135B35ED0052B907 /* OAMutableURLRequest.m */,
				638A940C135B35ED0052B907 /* OAPlaintextSignatureProvider.h */,
				638A940D135B35ED0052B907 /* OAPlaintextSignatureProvider.m */,
				638A940E135B35ED0052B907 /* OAProblem.h */,
				638A940F135B35ED0052B907 /* OAProblem.m */,
				638A9410135B35ED0052B907 /* OARequestParameter.h */,
				638A9411135B35ED0052B907 /* OARequestParameter.m */,
				638A9412135B35ED0052B907 /* OAServiceTicket.h */,
				638A9413135B35ED0052B907 /* OAServiceTicket.m */,
				638A9414135B35ED0052B907 /* OASignatureProviding.h */,
				638A9415135B35ED0052B907 /* OATestServer.rb */,
				638A9416135B35ED0052B907 /* OAToken.h */,
				638A9417135B35ED0052B907 /* OAToken.m */,
				638A9418135B35ED0052B907 /* OATokenManager.h */,
				638A9419135B35ED0052B907 /* OATokenManager.m */,
				638A941A135B35ED0052B907 /* OAuthConsumer.h */,
				638A941B135B35ED0052B907 /* README */,
				256AC3D80F4B6AC300CF3369 /* MacpaperAppDelegate.h */,
				256AC3D90F4B6AC300CF3369 /* MacpaperAppDelegate.m */,
			);
			name = Classes;
			sourceTree = "<group>";
		};
		1058C7A0FEA54F0111CA2CBB /* Linked Frameworks */ = {
			isa = PBXGroup;
			children = (
				1058C7A1FEA54F0111CA2CBB /* Cocoa.framework */,
			);
			name = "Linked Frameworks";
			sourceTree = "<group>";
		};
		1058C7A2FEA54F0111CA2CBB /* Other Frameworks */ = {
			isa = PBXGroup;
			children = (
				29B97324FDCFA39411CA2CEA /* AppKit.framework */,
				13E42FB307B3F0F600E4EEF1 /* CoreData.framework */,
				29B97325FDCFA39411CA2CEA /* Foundation.framework */,
			);
			name = "Other Frameworks";
			sourceTree = "<group>";
		};
		19C28FACFE9D520D11CA2CBB /* Products */ = {
			isa = PBXGroup;
			children = (
				8D1107320486CEB800E47090 /* Macpaper.app */,
			);
			name = Products;
			sourceTree = "<group>";
		};
		29B97314FDCFA39411CA2CEA /* Macpaper */ = {
			isa = PBXGroup;
			children = (
				63423E80135B925500FDDD3F /* InstapaperUtilities.h */,
				63423E81135B925500FDDD3F /* InstapaperUtilities.m */,
				638A9488135B3BB50052B907 /* InstapaperArticle.h */,
				638A9489135B3BB50052B907 /* InstapaperArticle.m */,
				6318C774135A911A0087CA44 /* InstapaperController.h */,
				6318C775135A911A0087CA44 /* InstapaperController.m */,
				6318C771135A90B70087CA44 /* Instapaper.h */,
				6318C772135A90B70087CA44 /* Instapaper.m */,
				080E96DDFE201D6D7F000001 /* Classes */,
				29B97315FDCFA39411CA2CEA /* Other Sources */,
				29B97317FDCFA39411CA2CEA /* Resources */,
				29B97323FDCFA39411CA2CEA /* Frameworks */,
				19C28FACFE9D520D11CA2CBB /* Products */,
				6318C76D135A8F400087CA44 /* Article.xib */,
				6320BB20135BAEF400999EF0 /* InstapaperOAuth.h */,
				6320BB21135BAEF400999EF0 /* InstapaperOAuth.m */,
			);
			name = Macpaper;
			sourceTree = "<group>";
		};
		29B97315FDCFA39411CA2CEA /* Other Sources */ = {
			isa = PBXGroup;
			children = (
				256AC3F00F4B6AF500CF3369 /* Macpaper_Prefix.pch */,
				29B97316FDCFA39411CA2CEA /* main.m */,
			);
			name = "Other Sources";
			sourceTree = "<group>";
		};
		29B97317FDCFA39411CA2CEA /* Resources */ = {
			isa = PBXGroup;
			children = (
				6320BB35135BB24F00999EF0 /* Macpaper.icns */,
				8D1107310486CEB800E47090 /* Macpaper-Info.plist */,
				089C165CFE840E0CC02AAC07 /* InfoPlist.strings */,
				1DDD58140DA1D0A300B32029 /* MainMenu.xib */,
			);
			name = Resources;
			sourceTree = "<group>";
		};
		29B97323FDCFA39411CA2CEA /* Frameworks */ = {
			isa = PBXGroup;
			children = (
				1058C7A0FEA54F0111CA2CBB /* Linked Frameworks */,
				1058C7A2FEA54F0111CA2CBB /* Other Frameworks */,
			);
			name = Frameworks;
			sourceTree = "<group>";
		};
		638A93F2135B35EC0052B907 /* Categories */ = {
			isa = PBXGroup;
			children = (
				638A93F3135B35EC0052B907 /* NSMutableURLRequest+Parameters.h */,
				638A93F4135B35EC0052B907 /* NSMutableURLRequest+Parameters.m */,
				638A93F5135B35EC0052B907 /* NSString+URLEncoding.h */,
				638A93F6135B35EC0052B907 /* NSString+URLEncoding.m */,
				638A93F7135B35EC0052B907 /* NSURL+Base.h */,
				638A93F8135B35EC0052B907 /* NSURL+Base.m */,
			);
			path = Categories;
			sourceTree = "<group>";
		};
		638A93F9135B35EC0052B907 /* Crypto */ = {
			isa = PBXGroup;
			children = (
				638A93FA135B35EC0052B907 /* Base64Transcoder.c */,
				638A93FB135B35EC0052B907 /* Base64Transcoder.h */,
				638A93FC135B35EC0052B907 /* hmac.c */,
				638A93FD135B35EC0052B907 /* hmac.h */,
				638A93FE135B35EC0052B907 /* sha1.c */,
				638A93FF135B35EC0052B907 /* sha1.h */,
			);
			path = Crypto;
			sourceTree = "<group>";
		};
/* End PBXGroup section */

/* Begin PBXNativeTarget section */
		8D1107260486CEB800E47090 /* Macpaper */ = {
			isa = PBXNativeTarget;
			buildConfigurationList = C01FCF4A08A954540054247B /* Build configuration list for PBXNativeTarget "Macpaper" */;
			buildPhases = (
				8D1107290486CEB800E47090 /* Resources */,
				8D11072C0486CEB800E47090 /* Sources */,
				8D11072E0486CEB800E47090 /* Frameworks */,
				6318C86D135AA3950087CA44 /* CopyFiles */,
				6318C872135AA3C00087CA44 /* CopyFiles */,
				63AB7858135B34CB00C56317 /* CopyFiles */,
			);
			buildRules = (
			);
			dependencies = (
			);
			name = Macpaper;
			productInstallPath = "$(HOME)/Applications";
			productName = Macpaper;
			productReference = 8D1107320486CEB800E47090 /* Macpaper.app */;
			productType = "com.apple.product-type.application";
		};
/* End PBXNativeTarget section */

/* Begin PBXProject section */
		29B97313FDCFA39411CA2CEA /* Project object */ = {
			isa = PBXProject;
			buildConfigurationList = C01FCF4E08A954540054247B /* Build configuration list for PBXProject "Macpaper" */;
			compatibilityVersion = "Xcode 3.1";
			developmentRegion = English;
			hasScannedForEncodings = 1;
			knownRegions = (
				English,
				Japanese,
				French,
				German,
			);
			mainGroup = 29B97314FDCFA39411CA2CEA /* Macpaper */;
			projectDirPath = "";
			projectRoot = "";
			targets = (
				8D1107260486CEB800E47090 /* Macpaper */,
			);
		};
/* End PBXProject section */

/* Begin PBXResourcesBuildPhase section */
		8D1107290486CEB800E47090 /* Resources */ = {
			isa = PBXResourcesBuildPhase;
			buildActionMask = 2147483647;
			files = (
				8D11072B0486CEB800E47090 /* InfoPlist.strings in Resources */,
				1DDD58160DA1D0A300B32029 /* MainMenu.xib in Resources */,
				638A942C135B35ED0052B907 /* OATestServer.rb in Resources */,
				638A942F135B35ED0052B907 /* README in Resources */,
				6320BB36135BB24F00999EF0 /* Macpaper.icns in Resources */,
			);
			runOnlyForDeploymentPostprocessing = 0;
		};
/* End PBXResourcesBuildPhase section */

/* Begin PBXSourcesBuildPhase section */
		8D11072C0486CEB800E47090 /* Sources */ = {
			isa = PBXSourcesBuildPhase;
			buildActionMask = 2147483647;
			files = (
				8D11072D0486CEB800E47090 /* main.m in Sources */,
				256AC3DA0F4B6AC300CF3369 /* MacpaperAppDelegate.m in Sources */,
				6318C773135A90B70087CA44 /* Instapaper.m in Sources */,
				6318C776135A911A0087CA44 /* InstapaperController.m in Sources */,
				638A941C135B35ED0052B907 /* NSMutableURLRequest+Parameters.m in Sources */,
				638A941D135B35ED0052B907 /* NSString+URLEncoding.m in Sources */,
				638A941E135B35ED0052B907 /* NSURL+Base.m in Sources */,
				638A941F135B35ED0052B907 /* Base64Transcoder.c in Sources */,
				638A9420135B35ED0052B907 /* hmac.c in Sources */,
				638A9421135B35ED0052B907 /* sha1.c in Sources */,
				638A9422135B35ED0052B907 /* OAAtachment.m in Sources */,
				638A9423135B35ED0052B907 /* OACall.m in Sources */,
				638A9424135B35ED0052B907 /* OAConsumer.m in Sources */,
				638A9425135B35ED0052B907 /* OADataFetcher.m in Sources */,
				638A9426135B35ED0052B907 /* OAHMAC_SHA1SignatureProvider.m in Sources */,
				638A9427135B35ED0052B907 /* OAMutableURLRequest.m in Sources */,
				638A9428135B35ED0052B907 /* OAPlaintextSignatureProvider.m in Sources */,
				638A9429135B35ED0052B907 /* OAProblem.m in Sources */,
				638A942A135B35ED0052B907 /* OARequestParameter.m in Sources */,
				638A942B135B35ED0052B907 /* OAServiceTicket.m in Sources */,
				638A942D135B35ED0052B907 /* OAToken.m in Sources */,
				638A942E135B35ED0052B907 /* OATokenManager.m in Sources */,
				638A948A135B3BB50052B907 /* InstapaperArticle.m in Sources */,
				638A94EF135B3D600052B907 /* NSData+Base64.m in Sources */,
				63423E82135B925500FDDD3F /* InstapaperUtilities.m in Sources */,
				6320BB22135BAEF400999EF0 /* InstapaperOAuth.m in Sources */,
			);
			runOnlyForDeploymentPostprocessing = 0;
		};
/* End PBXSourcesBuildPhase section */

/* Begin PBXVariantGroup section */
		089C165CFE840E0CC02AAC07 /* InfoPlist.strings */ = {
			isa = PBXVariantGroup;
			children = (
				089C165DFE840E0CC02AAC07 /* English */,
			);
			name = InfoPlist.strings;
			sourceTree = "<group>";
		};
		1DDD58140DA1D0A300B32029 /* MainMenu.xib */ = {
			isa = PBXVariantGroup;
			children = (
				1DDD58150DA1D0A300B32029 /* English */,
			);
			name = MainMenu.xib;
			sourceTree = "<group>";
		};
/* End PBXVariantGroup section */

/* Begin XCBuildConfiguration section */
		C01FCF4B08A954540054247B /* Debug */ = {
			isa = XCBuildConfiguration;
			buildSettings = {
				ALWAYS_SEARCH_USER_PATHS = NO;
				COPY_PHASE_STRIP = NO;
				FRAMEWORK_SEARCH_PATHS = (
					"$(inherited)",
					"\"$(SRCROOT)\"",
				);
				GCC_DYNAMIC_NO_PIC = NO;
				GCC_ENABLE_FIX_AND_CONTINUE = YES;
				GCC_MODEL_TUNING = G5;
				GCC_OPTIMIZATION_LEVEL = 0;
				GCC_PRECOMPILE_PREFIX_HEADER = YES;
				GCC_PREFIX_HEADER = Macpaper_Prefix.pch;
				INFOPLIST_FILE = "Macpaper-Info.plist";
				INSTALL_PATH = "$(HOME)/Applications";
				PRODUCT_NAME = Macpaper;
			};
			name = Debug;
		};
		C01FCF4C08A954540054247B /* Release */ = {
			isa = XCBuildConfiguration;
			buildSettings = {
				ALWAYS_SEARCH_USER_PATHS = NO;
				DEBUG_INFORMATION_FORMAT = "dwarf-with-dsym";
				FRAMEWORK_SEARCH_PATHS = (
					"$(inherited)",
					"\"$(SRCROOT)\"",
				);
				GCC_MODEL_TUNING = G5;
				GCC_PRECOMPILE_PREFIX_HEADER = YES;
				GCC_PREFIX_HEADER = Macpaper_Prefix.pch;
				INFOPLIST_FILE = "Macpaper-Info.plist";
				INSTALL_PATH = "$(HOME)/Applications";
				PRODUCT_NAME = Macpaper;
			};
			name = Release;
		};
		C01FCF4F08A954540054247B /* Debug */ = {
			isa = XCBuildConfiguration;
			buildSettings = {
				ARCHS = "$(ARCHS_STANDARD_32_64_BIT)";
				GCC_C_LANGUAGE_STANDARD = gnu99;
				GCC_OPTIMIZATION_LEVEL = 0;
				GCC_WARN_ABOUT_RETURN_TYPE = YES;
				GCC_WARN_UNUSED_VARIABLE = YES;
				ONLY_ACTIVE_ARCH = YES;
				PREBINDING = NO;
				SDKROOT = macosx10.6;
			};
			name = Debug;
		};
		C01FCF5008A954540054247B /* Release */ = {
			isa = XCBuildConfiguration;
			buildSettings = {
				ARCHS = "$(ARCHS_STANDARD_32_64_BIT)";
				GCC_C_LANGUAGE_STANDARD = gnu99;
				GCC_WARN_ABOUT_RETURN_TYPE = YES;
				GCC_WARN_UNUSED_VARIABLE = YES;
				PREBINDING = NO;
				SDKROOT = macosx10.6;
			};
			name = Release;
		};
/* End XCBuildConfiguration section */

/* Begin XCConfigurationList section */
		C01FCF4A08A954540054247B /* Build configuration list for PBXNativeTarget "Macpaper" */ = {
			isa = XCConfigurationList;
			buildConfigurations = (
				C01FCF4B08A954540054247B /* Debug */,
				C01FCF4C08A954540054247B /* Release */,
			);
			defaultConfigurationIsVisible = 0;
			defaultConfigurationName = Release;
		};
		C01FCF4E08A954540054247B /* Build configuration list for PBXProject "Macpaper" */ = {
			isa = XCConfigurationList;
			buildConfigurations = (
				C01FCF4F08A954540054247B /* Debug */,
				C01FCF5008A954540054247B /* Release */,
			);
			defaultConfigurationIsVisible = 0;
			defaultConfigurationName = Release;
		};
/* End XCConfigurationList section */
	};
	rootObject = 29B97313FDCFA39411CA2CEA /* Project object */;
}
